{
    "name": "@matrix-org/collaborative-text",
    "version": "0.0.0",
    "lockfileVersion": 2,
    "requires": true,
    "packages": {
        "": {
            "name": "@matrix-org/collaborative-text",
            "version": "0.0.0",
            "license": "Apache-2.0",
            "dependencies": {
                "prosemirror-example-setup": "^1.1.2",
                "prosemirror-model": "^1.15.0",
                "prosemirror-schema-basic": "^1.1.2",
                "prosemirror-schema-list": "^1.1.6",
                "prosemirror-state": "^1.3.4",
                "prosemirror-view": "^1.23.3"
            },
            "devDependencies": {
                "@types/prosemirror-model": "^1.16.0",
                "@types/prosemirror-state": "^1.2.8",
                "@types/prosemirror-view": "^1.23.0",
                "vite": "^2.6.1"
            }
        },
        "node_modules/@types/orderedmap": {
            "version": "1.0.0",
            "resolved": "https://registry.npmjs.org/@types/orderedmap/-/orderedmap-1.0.0.tgz",
            "integrity": "sha512-dxKo80TqYx3YtBipHwA/SdFmMMyLCnP+5mkEqN0eMjcTBzHkiiX0ES118DsjDBjvD+zeSsSU9jULTZ+frog+Gw==",
            "dev": true
        },
        "node_modules/@types/prosemirror-model": {
            "version": "1.16.0",
            "resolved": "https://registry.npmjs.org/@types/prosemirror-model/-/prosemirror-model-1.16.0.tgz",
            "integrity": "sha512-nv93YLyTEcDDl17OB90EldxZjyJQJll2WSMLDvLzTewbpvE/vtMjHT3j4mik3uSzQ6YD486AcloCO3WODY/lDg==",
            "dev": true,
            "dependencies": {
                "@types/orderedmap": "*"
            }
        },
        "node_modules/@types/prosemirror-state": {
            "version": "1.2.8",
            "resolved": "https://registry.npmjs.org/@types/prosemirror-state/-/prosemirror-state-1.2.8.tgz",
            "integrity": "sha512-mq9uyQWcpu8jeamO6Callrdvf/e1H/aRLR2kZWSpZrPHctEsxWHBbluD/wqVjXBRIOoMHLf6ZvOkrkmGLoCHVA==",
            "dev": true,
            "dependencies": {
                "@types/prosemirror-model": "*",
                "@types/prosemirror-transform": "*",
                "@types/prosemirror-view": "*"
            }
        },
        "node_modules/@types/prosemirror-transform": {
            "version": "1.1.5",
            "resolved": "https://registry.npmjs.org/@types/prosemirror-transform/-/prosemirror-transform-1.1.5.tgz",
            "integrity": "sha512-Wr2HXaEF4JPklWpC17RTxE6PxyU54Taqk5FMhK1ojgcN93J+GpkYW8s0mD3rl7KfTmlhVwZPCHE9o0cYf2Go5A==",
            "dev": true,
            "dependencies": {
                "@types/prosemirror-model": "*"
            }
        },
        "node_modules/@types/prosemirror-view": {
            "version": "1.23.0",
            "resolved": "https://registry.npmjs.org/@types/prosemirror-view/-/prosemirror-view-1.23.0.tgz",
            "integrity": "sha512-CaGnoiKeNYNRSmPNKSkFOl9KeWih4J7rAziiUk9eGwUgw4Yp2K3rorgI9QRKY7lp9DLIh6njxzZo891O1DSplw==",
            "dev": true,
            "dependencies": {
                "@types/prosemirror-model": "*",
                "@types/prosemirror-state": "*",
                "@types/prosemirror-transform": "*"
            }
        },
        "node_modules/crelt": {
            "version": "1.0.5",
            "resolved": "https://registry.npmjs.org/crelt/-/crelt-1.0.5.tgz",
            "integrity": "sha512-+BO9wPPi+DWTDcNYhr/W90myha8ptzftZT+LwcmUbbok0rcP/fequmFYCw8NMoH7pkAZQzU78b3kYrlua5a9eA=="
        },
        "node_modules/esbuild": {
            "version": "0.13.15",
            "resolved": "https://registry.npmjs.org/esbuild/-/esbuild-0.13.15.tgz",
            "integrity": "sha512-raCxt02HBKv8RJxE8vkTSCXGIyKHdEdGfUmiYb8wnabnaEmHzyW7DCHb5tEN0xU8ryqg5xw54mcwnYkC4x3AIw==",
            "dev": true,
            "hasInstallScript": true,
            "bin": {
                "esbuild": "bin/esbuild"
            },
            "optionalDependencies": {
                "esbuild-android-arm64": "0.13.15",
                "esbuild-darwin-64": "0.13.15",
                "esbuild-darwin-arm64": "0.13.15",
                "esbuild-freebsd-64": "0.13.15",
                "esbuild-freebsd-arm64": "0.13.15",
                "esbuild-linux-32": "0.13.15",
                "esbuild-linux-64": "0.13.15",
                "esbuild-linux-arm": "0.13.15",
                "esbuild-linux-arm64": "0.13.15",
                "esbuild-linux-mips64le": "0.13.15",
                "esbuild-linux-ppc64le": "0.13.15",
                "esbuild-netbsd-64": "0.13.15",
                "esbuild-openbsd-64": "0.13.15",
                "esbuild-sunos-64": "0.13.15",
                "esbuild-windows-32": "0.13.15",
                "esbuild-windows-64": "0.13.15",
                "esbuild-windows-arm64": "0.13.15"
            }
        },
        "node_modules/esbuild-android-arm64": {
            "version": "0.13.15",
            "resolved": "https://registry.npmjs.org/esbuild-android-arm64/-/esbuild-android-arm64-0.13.15.tgz",
            "integrity": "sha512-m602nft/XXeO8YQPUDVoHfjyRVPdPgjyyXOxZ44MK/agewFFkPa8tUo6lAzSWh5Ui5PB4KR9UIFTSBKh/RrCmg==",
            "cpu": [
                "arm64"
            ],
            "dev": true,
            "optional": true,
            "os": [
                "android"
            ]
        },
        "node_modules/esbuild-darwin-64": {
            "version": "0.13.15",
            "resolved": "https://registry.npmjs.org/esbuild-darwin-64/-/esbuild-darwin-64-0.13.15.tgz",
            "integrity": "sha512-ihOQRGs2yyp7t5bArCwnvn2Atr6X4axqPpEdCFPVp7iUj4cVSdisgvEKdNR7yH3JDjW6aQDw40iQFoTqejqxvQ==",
            "cpu": [
                "x64"
            ],
            "dev": true,
            "optional": true,
            "os": [
                "darwin"
            ]
        },
        "node_modules/esbuild-darwin-arm64": {
            "version": "0.13.15",
            "resolved": "https://registry.npmjs.org/esbuild-darwin-arm64/-/esbuild-darwin-arm64-0.13.15.tgz",
            "integrity": "sha512-i1FZssTVxUqNlJ6cBTj5YQj4imWy3m49RZRnHhLpefFIh0To05ow9DTrXROTE1urGTQCloFUXTX8QfGJy1P8dQ==",
            "cpu": [
                "arm64"
            ],
            "dev": true,
            "optional": true,
            "os": [
                "darwin"
            ]
        },
        "node_modules/esbuild-freebsd-64": {
            "version": "0.13.15",
            "resolved": "https://registry.npmjs.org/esbuild-freebsd-64/-/esbuild-freebsd-64-0.13.15.tgz",
            "integrity": "sha512-G3dLBXUI6lC6Z09/x+WtXBXbOYQZ0E8TDBqvn7aMaOCzryJs8LyVXKY4CPnHFXZAbSwkCbqiPuSQ1+HhrNk7EA==",
            "cpu": [
                "x64"
            ],
            "dev": true,
            "optional": true,
            "os": [
                "freebsd"
            ]
        },
        "node_modules/esbuild-freebsd-arm64": {
            "version": "0.13.15",
            "resolved": "https://registry.npmjs.org/esbuild-freebsd-arm64/-/esbuild-freebsd-arm64-0.13.15.tgz",
            "integrity": "sha512-KJx0fzEDf1uhNOZQStV4ujg30WlnwqUASaGSFPhznLM/bbheu9HhqZ6mJJZM32lkyfGJikw0jg7v3S0oAvtvQQ==",
            "cpu": [
                "arm64"
            ],
            "dev": true,
            "optional": true,
            "os": [
                "freebsd"
            ]
        },
        "node_modules/esbuild-linux-32": {
            "version": "0.13.15",
            "resolved": "https://registry.npmjs.org/esbuild-linux-32/-/esbuild-linux-32-0.13.15.tgz",
            "integrity": "sha512-ZvTBPk0YWCLMCXiFmD5EUtB30zIPvC5Itxz0mdTu/xZBbbHJftQgLWY49wEPSn2T/TxahYCRDWun5smRa0Tu+g==",
            "cpu": [
                "ia32"
            ],
            "dev": true,
            "optional": true,
            "os": [
                "linux"
            ]
        },
        "node_modules/esbuild-linux-64": {
            "version": "0.13.15",
            "resolved": "https://registry.npmjs.org/esbuild-linux-64/-/esbuild-linux-64-0.13.15.tgz",
            "integrity": "sha512-eCKzkNSLywNeQTRBxJRQ0jxRCl2YWdMB3+PkWFo2BBQYC5mISLIVIjThNtn6HUNqua1pnvgP5xX0nHbZbPj5oA==",
            "cpu": [
                "x64"
            ],
            "dev": true,
            "optional": true,
            "os": [
                "linux"
            ]
        },
        "node_modules/esbuild-linux-arm": {
            "version": "0.13.15",
            "resolved": "https://registry.npmjs.org/esbuild-linux-arm/-/esbuild-linux-arm-0.13.15.tgz",
            "integrity": "sha512-wUHttDi/ol0tD8ZgUMDH8Ef7IbDX+/UsWJOXaAyTdkT7Yy9ZBqPg8bgB/Dn3CZ9SBpNieozrPRHm0BGww7W/jA==",
            "cpu": [
                "arm"
            ],
            "dev": true,
            "optional": true,
            "os": [
                "linux"
            ]
        },
        "node_modules/esbuild-linux-arm64": {
            "version": "0.13.15",
            "resolved": "https://registry.npmjs.org/esbuild-linux-arm64/-/esbuild-linux-arm64-0.13.15.tgz",
            "integrity": "sha512-bYpuUlN6qYU9slzr/ltyLTR9YTBS7qUDymO8SV7kjeNext61OdmqFAzuVZom+OLW1HPHseBfJ/JfdSlx8oTUoA==",
            "cpu": [
                "arm64"
            ],
            "dev": true,
            "optional": true,
            "os": [
                "linux"
            ]
        },
        "node_modules/esbuild-linux-mips64le": {
            "version": "0.13.15",
            "resolved": "https://registry.npmjs.org/esbuild-linux-mips64le/-/esbuild-linux-mips64le-0.13.15.tgz",
            "integrity": "sha512-KlVjIG828uFPyJkO/8gKwy9RbXhCEUeFsCGOJBepUlpa7G8/SeZgncUEz/tOOUJTcWMTmFMtdd3GElGyAtbSWg==",
            "cpu": [
                "mips64el"
            ],
            "dev": true,
            "optional": true,
            "os": [
                "linux"
            ]
        },
        "node_modules/esbuild-linux-ppc64le": {
            "version": "0.13.15",
            "resolved": "https://registry.npmjs.org/esbuild-linux-ppc64le/-/esbuild-linux-ppc64le-0.13.15.tgz",
            "integrity": "sha512-h6gYF+OsaqEuBjeesTBtUPw0bmiDu7eAeuc2OEH9S6mV9/jPhPdhOWzdeshb0BskRZxPhxPOjqZ+/OqLcxQwEQ==",
            "cpu": [
                "ppc64"
            ],
            "dev": true,
            "optional": true,
            "os": [
                "linux"
            ]
        },
        "node_modules/esbuild-netbsd-64": {
            "version": "0.13.15",
            "resolved": "https://registry.npmjs.org/esbuild-netbsd-64/-/esbuild-netbsd-64-0.13.15.tgz",
            "integrity": "sha512-3+yE9emwoevLMyvu+iR3rsa+Xwhie7ZEHMGDQ6dkqP/ndFzRHkobHUKTe+NCApSqG5ce2z4rFu+NX/UHnxlh3w==",
            "cpu": [
                "x64"
            ],
            "dev": true,
            "optional": true,
            "os": [
                "netbsd"
            ]
        },
        "node_modules/esbuild-openbsd-64": {
            "version": "0.13.15",
            "resolved": "https://registry.npmjs.org/esbuild-openbsd-64/-/esbuild-openbsd-64-0.13.15.tgz",
            "integrity": "sha512-wTfvtwYJYAFL1fSs8yHIdf5GEE4NkbtbXtjLWjM3Cw8mmQKqsg8kTiqJ9NJQe5NX/5Qlo7Xd9r1yKMMkHllp5g==",
            "cpu": [
                "x64"
            ],
            "dev": true,
            "optional": true,
            "os": [
                "openbsd"
            ]
        },
        "node_modules/esbuild-sunos-64": {
            "version": "0.13.15",
            "resolved": "https://registry.npmjs.org/esbuild-sunos-64/-/esbuild-sunos-64-0.13.15.tgz",
            "integrity": "sha512-lbivT9Bx3t1iWWrSnGyBP9ODriEvWDRiweAs69vI+miJoeKwHWOComSRukttbuzjZ8r1q0mQJ8Z7yUsDJ3hKdw==",
            "cpu": [
                "x64"
            ],
            "dev": true,
            "optional": true,
            "os": [
                "sunos"
            ]
        },
        "node_modules/esbuild-windows-32": {
            "version": "0.13.15",
            "resolved": "https://registry.npmjs.org/esbuild-windows-32/-/esbuild-windows-32-0.13.15.tgz",
            "integrity": "sha512-fDMEf2g3SsJ599MBr50cY5ve5lP1wyVwTe6aLJsM01KtxyKkB4UT+fc5MXQFn3RLrAIAZOG+tHC+yXObpSn7Nw==",
            "cpu": [
                "ia32"
            ],
            "dev": true,
            "optional": true,
            "os": [
                "win32"
            ]
        },
        "node_modules/esbuild-windows-64": {
            "version": "0.13.15",
            "resolved": "https://registry.npmjs.org/esbuild-windows-64/-/esbuild-windows-64-0.13.15.tgz",
            "integrity": "sha512-9aMsPRGDWCd3bGjUIKG/ZOJPKsiztlxl/Q3C1XDswO6eNX/Jtwu4M+jb6YDH9hRSUflQWX0XKAfWzgy5Wk54JQ==",
            "cpu": [
                "x64"
            ],
            "dev": true,
            "optional": true,
            "os": [
                "win32"
            ]
        },
        "node_modules/esbuild-windows-arm64": {
            "version": "0.13.15",
            "resolved": "https://registry.npmjs.org/esbuild-windows-arm64/-/esbuild-windows-arm64-0.13.15.tgz",
            "integrity": "sha512-zzvyCVVpbwQQATaf3IG8mu1IwGEiDxKkYUdA4FpoCHi1KtPa13jeScYDjlW0Qh+ebWzpKfR2ZwvqAQkSWNcKjA==",
            "cpu": [
                "arm64"
            ],
            "dev": true,
            "optional": true,
            "os": [
                "win32"
            ]
        },
        "node_modules/fsevents": {
            "version": "2.3.2",
            "resolved": "https://registry.npmjs.org/fsevents/-/fsevents-2.3.2.tgz",
            "integrity": "sha512-xiqMQR4xAeHTuB9uWm+fFRcIOgKBMiOBP+eXiyT7jsgVCq1bkVygt00oASowB7EdtpOHaaPgKt812P9ab+DDKA==",
            "dev": true,
            "hasInstallScript": true,
            "optional": true,
            "os": [
                "darwin"
            ],
            "engines": {
                "node": "^8.16.0 || ^10.6.0 || >=11.0.0"
            }
        },
        "node_modules/function-bind": {
            "version": "1.1.1",
            "resolved": "https://registry.npmjs.org/function-bind/-/function-bind-1.1.1.tgz",
            "integrity": "sha512-yIovAzMX49sF8Yl58fSCWJ5svSLuaibPxXQJFLmBObTuCr0Mf1KiPopGM9NiFjiYBCbfaa2Fh6breQ6ANVTI0A==",
            "dev": true
        },
        "node_modules/has": {
            "version": "1.0.3",
            "resolved": "https://registry.npmjs.org/has/-/has-1.0.3.tgz",
            "integrity": "sha512-f2dvO0VU6Oej7RkWJGrehjbzMAjFp5/VKPp5tTpWIV4JHHZK1/BxbFRtf/siA2SWTe09caDmVtYYzWEIbBS4zw==",
            "dev": true,
            "dependencies": {
                "function-bind": "^1.1.1"
            },
            "engines": {
                "node": ">= 0.4.0"
            }
        },
        "node_modules/is-core-module": {
            "version": "2.8.0",
            "resolved": "https://registry.npmjs.org/is-core-module/-/is-core-module-2.8.0.tgz",
            "integrity": "sha512-vd15qHsaqrRL7dtH6QNuy0ndJmRDrS9HAM1CAiSifNUFv4x1a0CCVsj18hJ1mShxIG6T2i1sO78MkP56r0nYRw==",
            "dev": true,
            "dependencies": {
                "has": "^1.0.3"
            },
            "funding": {
                "url": "https://github.com/sponsors/ljharb"
            }
        },
        "node_modules/nanoid": {
            "version": "3.1.30",
            "resolved": "https://registry.npmjs.org/nanoid/-/nanoid-3.1.30.tgz",
            "integrity": "sha512-zJpuPDwOv8D2zq2WRoMe1HsfZthVewpel9CAvTfc/2mBD1uUT/agc5f7GHGWXlYkFvi1mVxe4IjvP2HNrop7nQ==",
            "dev": true,
            "bin": {
                "nanoid": "bin/nanoid.cjs"
            },
            "engines": {
                "node": "^10 || ^12 || ^13.7 || ^14 || >=15.0.1"
            }
        },
        "node_modules/orderedmap": {
            "version": "1.1.1",
            "resolved": "https://registry.npmjs.org/orderedmap/-/orderedmap-1.1.1.tgz",
            "integrity": "sha512-3Ux8um0zXbVacKUkcytc0u3HgC0b0bBLT+I60r2J/En72cI0nZffqrA7Xtf2Hqs27j1g82llR5Mhbd0Z1XW4AQ=="
        },
        "node_modules/path-parse": {
            "version": "1.0.7",
            "resolved": "https://registry.npmjs.org/path-parse/-/path-parse-1.0.7.tgz",
            "integrity": "sha512-LDJzPVEEEPR+y48z93A0Ed0yXb8pAByGWo/k5YYdYgpY2/2EsOsksJrq7lOHxryrVOn1ejG6oAp8ahvOIQD8sw==",
            "dev": true
        },
        "node_modules/picocolors": {
            "version": "1.0.0",
            "resolved": "https://registry.npmjs.org/picocolors/-/picocolors-1.0.0.tgz",
            "integrity": "sha512-1fygroTLlHu66zi26VoTDv8yRgm0Fccecssto+MhsZ0D/DGW2sm8E8AjW7NU5VVTRt5GxbeZ5qBuJr+HyLYkjQ==",
            "dev": true
        },
        "node_modules/postcss": {
            "version": "8.4.5",
            "resolved": "https://registry.npmjs.org/postcss/-/postcss-8.4.5.tgz",
            "integrity": "sha512-jBDboWM8qpaqwkMwItqTQTiFikhs/67OYVvblFFTM7MrZjt6yMKd6r2kgXizEbTTljacm4NldIlZnhbjr84QYg==",
            "dev": true,
            "dependencies": {
                "nanoid": "^3.1.30",
                "picocolors": "^1.0.0",
                "source-map-js": "^1.0.1"
            },
            "engines": {
                "node": "^10 || ^12 || >=14"
            },
            "funding": {
                "type": "opencollective",
                "url": "https://opencollective.com/postcss/"
            }
        },
        "node_modules/prosemirror-commands": {
            "version": "1.1.12",
            "resolved": "https://registry.npmjs.org/prosemirror-commands/-/prosemirror-commands-1.1.12.tgz",
            "integrity": "sha512-+CrMs3w/ZVPSkR+REg8KL/clyFLv/1+SgY/OMN+CB22Z24j9TZDje72vL36lOZ/E4NeRXuiCcmENcW/vAcG67A==",
            "dependencies": {
                "prosemirror-model": "^1.0.0",
                "prosemirror-state": "^1.0.0",
                "prosemirror-transform": "^1.0.0"
            }
        },
        "node_modules/prosemirror-dropcursor": {
            "version": "1.4.0",
            "resolved": "https://registry.npmjs.org/prosemirror-dropcursor/-/prosemirror-dropcursor-1.4.0.tgz",
            "integrity": "sha512-6+YwTjmqDwlA/Dm+5wK67ezgqgjA/MhSDgaNxKUzH97SmeuWFXyLeDRxxOPZeSo7yTxcDGUCWTEjmQZsVBuMrQ==",
            "dependencies": {
                "prosemirror-state": "^1.0.0",
                "prosemirror-transform": "^1.1.0",
                "prosemirror-view": "^1.1.0"
            }
        },
        "node_modules/prosemirror-example-setup": {
            "version": "1.1.2",
            "resolved": "https://registry.npmjs.org/prosemirror-example-setup/-/prosemirror-example-setup-1.1.2.tgz",
            "integrity": "sha512-MTpIMyqk08jFnzxeRMCinCEMtVSTUtxKgQBGxfCbVe9C6zIOqp9qZZJz5Ojaad1GETySyuj8+OIHHvQsIaaaGQ==",
            "dependencies": {
                "prosemirror-commands": "^1.0.0",
                "prosemirror-dropcursor": "^1.0.0",
                "prosemirror-gapcursor": "^1.0.0",
                "prosemirror-history": "^1.0.0",
                "prosemirror-inputrules": "^1.0.0",
                "prosemirror-keymap": "^1.0.0",
                "prosemirror-menu": "^1.0.0",
                "prosemirror-schema-list": "^1.0.0",
                "prosemirror-state": "^1.0.0"
            }
        },
        "node_modules/prosemirror-gapcursor": {
            "version": "1.2.0",
            "resolved": "https://registry.npmjs.org/prosemirror-gapcursor/-/prosemirror-gapcursor-1.2.0.tgz",
            "integrity": "sha512-yCLy5+0rVqLir/KcHFathQj4Rf8aRHi80FmEfKtM0JmyzvwdomslLzDZ/pX4oFhFKDgjl/WBBBFNqDyNifWg7g==",
            "dependencies": {
                "prosemirror-keymap": "^1.0.0",
                "prosemirror-model": "^1.0.0",
                "prosemirror-state": "^1.0.0",
                "prosemirror-view": "^1.0.0"
            }
        },
        "node_modules/prosemirror-history": {
            "version": "1.2.0",
            "resolved": "https://registry.npmjs.org/prosemirror-history/-/prosemirror-history-1.2.0.tgz",
            "integrity": "sha512-B9v9xtf4fYbKxQwIr+3wtTDNLDZcmMMmGiI3TAPShnUzvo+Rmv1GiUrsQChY1meetHl7rhML2cppF3FTs7f7UQ==",
            "dependencies": {
                "prosemirror-state": "^1.2.2",
                "prosemirror-transform": "^1.0.0",
                "rope-sequence": "^1.3.0"
            }
        },
        "node_modules/prosemirror-inputrules": {
            "version": "1.1.3",
            "resolved": "https://registry.npmjs.org/prosemirror-inputrules/-/prosemirror-inputrules-1.1.3.tgz",
            "integrity": "sha512-ZaHCLyBtvbyIHv0f5p6boQTIJjlD6o2NPZiEaZWT2DA+j591zS29QQEMT4lBqwcLW3qRSf7ZvoKNbf05YrsStw==",
            "dependencies": {
                "prosemirror-state": "^1.0.0",
                "prosemirror-transform": "^1.0.0"
            }
        },
        "node_modules/prosemirror-keymap": {
            "version": "1.1.5",
            "resolved": "https://registry.npmjs.org/prosemirror-keymap/-/prosemirror-keymap-1.1.5.tgz",
            "integrity": "sha512-8SZgPH3K+GLsHL2wKuwBD9rxhsbnVBTwpHCO4VUO5GmqUQlxd/2GtBVWTsyLq4Dp3N9nGgPd3+lZFKUDuVp+Vw==",
            "dependencies": {
                "prosemirror-state": "^1.0.0",
                "w3c-keyname": "^2.2.0"
            }
        },
        "node_modules/prosemirror-menu": {
            "version": "1.1.4",
            "resolved": "https://registry.npmjs.org/prosemirror-menu/-/prosemirror-menu-1.1.4.tgz",
            "integrity": "sha512-2ROsji/X9ciDnVSRvSTqFygI34GEdHfQSsK4zBKjPxSEroeiHHcdRMS1ofNIf2zM0Vpp5/YqfpxynElymQkqzg==",
            "dependencies": {
                "crelt": "^1.0.0",
                "prosemirror-commands": "^1.0.0",
                "prosemirror-history": "^1.0.0",
                "prosemirror-state": "^1.0.0"
            }
        },
        "node_modules/prosemirror-model": {
            "version": "1.15.0",
            "resolved": "https://registry.npmjs.org/prosemirror-model/-/prosemirror-model-1.15.0.tgz",
            "integrity": "sha512-hQJv7SnIhlAy9ga3lhPPgaufhvCbQB9tHwscJ9E1H1pPHmN8w5V/lURueoYv9Kc3/bpNWoyHa8r3g//m7N0ChQ==",
            "dependencies": {
                "orderedmap": "^1.1.0"
            }
        },
        "node_modules/prosemirror-schema-basic": {
            "version": "1.1.2",
            "resolved": "https://registry.npmjs.org/prosemirror-schema-basic/-/prosemirror-schema-basic-1.1.2.tgz",
            "integrity": "sha512-G4q8WflNsR1Q33QAV4MQO0xWrHLOJ+BQcKswGXMy626wlQj6c/1n1v4eC9ns+h2y1r/fJHZEgSZnsNhm9lbrDw==",
            "dependencies": {
                "prosemirror-model": "^1.2.0"
            }
        },
        "node_modules/prosemirror-schema-list": {
            "version": "1.1.6",
            "resolved": "https://registry.npmjs.org/prosemirror-schema-list/-/prosemirror-schema-list-1.1.6.tgz",
            "integrity": "sha512-aFGEdaCWmJzouZ8DwedmvSsL50JpRkqhQ6tcpThwJONVVmCgI36LJHtoQ4VGZbusMavaBhXXr33zyD2IVsTlkw==",
            "dependencies": {
                "prosemirror-model": "^1.0.0",
                "prosemirror-transform": "^1.0.0"
            }
        },
        "node_modules/prosemirror-state": {
            "version": "1.3.4",
            "resolved": "https://registry.npmjs.org/prosemirror-state/-/prosemirror-state-1.3.4.tgz",
            "integrity": "sha512-Xkkrpd1y/TQ6HKzN3agsQIGRcLckUMA9u3j207L04mt8ToRgpGeyhbVv0HI7omDORIBHjR29b7AwlATFFf2GLA==",
            "dependencies": {
                "prosemirror-model": "^1.0.0",
                "prosemirror-transform": "^1.0.0"
            }
        },
        "node_modules/prosemirror-transform": {
            "version": "1.3.3",
            "resolved": "https://registry.npmjs.org/prosemirror-transform/-/prosemirror-transform-1.3.3.tgz",
            "integrity": "sha512-9NLVXy1Sfa2G6qPqhWMkEvwQQMTw7OyTqOZbJaGQWsCeH3hH5Cw+c5eNaLM1Uu75EyKLsEZhJ93XpHJBa6RX8A==",
            "dependencies": {
                "prosemirror-model": "^1.0.0"
            }
        },
        "node_modules/prosemirror-view": {
            "version": "1.23.3",
            "resolved": "https://registry.npmjs.org/prosemirror-view/-/prosemirror-view-1.23.3.tgz",
            "integrity": "sha512-89icyMdXXwxmTxYj0TIuG5M/d0iKeu79tr+PVtC/4qtCOoHrPSPrblJcFOuOWcxGlA/Ei8PqJB4g5HkKR8jWvQ==",
            "dependencies": {
                "prosemirror-model": "^1.14.3",
                "prosemirror-state": "^1.0.0",
                "prosemirror-transform": "^1.1.0"
            }
        },
        "node_modules/resolve": {
            "version": "1.20.0",
            "resolved": "https://registry.npmjs.org/resolve/-/resolve-1.20.0.tgz",
            "integrity": "sha512-wENBPt4ySzg4ybFQW2TT1zMQucPK95HSh/nq2CFTZVOGut2+pQvSsgtda4d26YrYcr067wjbmzOG8byDPBX63A==",
            "dev": true,
            "dependencies": {
                "is-core-module": "^2.2.0",
                "path-parse": "^1.0.6"
            },
            "funding": {
                "url": "https://github.com/sponsors/ljharb"
            }
        },
        "node_modules/rollup": {
            "version": "2.61.1",
            "resolved": "https://registry.npmjs.org/rollup/-/rollup-2.61.1.tgz",
            "integrity": "sha512-BbTXlEvB8d+XFbK/7E5doIcRtxWPRiqr0eb5vQ0+2paMM04Ye4PZY5nHOQef2ix24l/L0SpLd5hwcH15QHPdvA==",
            "dev": true,
            "bin": {
                "rollup": "dist/bin/rollup"
            },
            "engines": {
                "node": ">=10.0.0"
            },
            "optionalDependencies": {
                "fsevents": "~2.3.2"
            }
        },
        "node_modules/rope-sequence": {
            "version": "1.3.2",
            "resolved": "https://registry.npmjs.org/rope-sequence/-/rope-sequence-1.3.2.tgz",
            "integrity": "sha512-ku6MFrwEVSVmXLvy3dYph3LAMNS0890K7fabn+0YIRQ2T96T9F4gkFf0vf0WW0JUraNWwGRtInEpH7yO4tbQZg=="
        },
        "node_modules/source-map-js": {
            "version": "1.0.1",
            "resolved": "https://registry.npmjs.org/source-map-js/-/source-map-js-1.0.1.tgz",
            "integrity": "sha512-4+TN2b3tqOCd/kaGRJ/sTYA0tR0mdXx26ipdolxcwtJVqEnqNYvlCAt1q3ypy4QMlYus+Zh34RNtYLoq2oQ4IA==",
            "dev": true,
            "engines": {
                "node": ">=0.10.0"
            }
        },
        "node_modules/vite": {
            "version": "2.7.3",
            "resolved": "https://registry.npmjs.org/vite/-/vite-2.7.3.tgz",
            "integrity": "sha512-GAY1P+9fLJOju1SRm8+hykVnEXog+E+KXuqqyMBQDriKCUIKzWnPn142yNNhSdf/ixYGYdUa5ce3A8WaEajzGw==",
            "dev": true,
            "dependencies": {
                "esbuild": "^0.13.12",
                "postcss": "^8.3.11",
                "resolve": "^1.20.0",
                "rollup": "^2.59.0"
            },
            "bin": {
                "vite": "bin/vite.js"
            },
            "engines": {
                "node": ">=12.2.0"
            },
            "optionalDependencies": {
                "fsevents": "~2.3.2"
            },
            "peerDependencies": {
                "less": "*",
                "sass": "*",
                "stylus": "*"
            },
            "peerDependenciesMeta": {
                "less": {
                    "optional": true
                },
                "sass": {
                    "optional": true
                },
                "stylus": {
                    "optional": true
                }
            }
        },
        "node_modules/w3c-keyname": {
            "version": "2.2.4",
            "resolved": "https://registry.npmjs.org/w3c-keyname/-/w3c-keyname-2.2.4.tgz",
            "integrity": "sha512-tOhfEwEzFLJzf6d1ZPkYfGj+FWhIpBux9ppoP3rlclw3Z0BZv3N7b7030Z1kYth+6rDuAsXUFr+d0VE6Ed1ikw=="
        }
    },
    "dependencies": {
        "@types/orderedmap": {
            "version": "1.0.0",
            "resolved": "https://registry.npmjs.org/@types/orderedmap/-/orderedmap-1.0.0.tgz",
            "integrity": "sha512-dxKo80TqYx3YtBipHwA/SdFmMMyLCnP+5mkEqN0eMjcTBzHkiiX0ES118DsjDBjvD+zeSsSU9jULTZ+frog+Gw==",
            "dev": true
        },
        "@types/prosemirror-model": {
            "version": "1.16.0",
            "resolved": "https://registry.npmjs.org/@types/prosemirror-model/-/prosemirror-model-1.16.0.tgz",
            "integrity": "sha512-nv93YLyTEcDDl17OB90EldxZjyJQJll2WSMLDvLzTewbpvE/vtMjHT3j4mik3uSzQ6YD486AcloCO3WODY/lDg==",
            "dev": true,
            "requires": {
                "@types/orderedmap": "*"
            }
        },
        "@types/prosemirror-state": {
            "version": "1.2.8",
            "resolved": "https://registry.npmjs.org/@types/prosemirror-state/-/prosemirror-state-1.2.8.tgz",
            "integrity": "sha512-mq9uyQWcpu8jeamO6Callrdvf/e1H/aRLR2kZWSpZrPHctEsxWHBbluD/wqVjXBRIOoMHLf6ZvOkrkmGLoCHVA==",
            "dev": true,
            "requires": {
                "@types/prosemirror-model": "*",
                "@types/prosemirror-transform": "*",
                "@types/prosemirror-view": "*"
            }
        },
        "@types/prosemirror-transform": {
            "version": "1.1.5",
            "resolved": "https://registry.npmjs.org/@types/prosemirror-transform/-/prosemirror-transform-1.1.5.tgz",
            "integrity": "sha512-Wr2HXaEF4JPklWpC17RTxE6PxyU54Taqk5FMhK1ojgcN93J+GpkYW8s0mD3rl7KfTmlhVwZPCHE9o0cYf2Go5A==",
            "dev": true,
            "requires": {
                "@types/prosemirror-model": "*"
            }
        },
        "@types/prosemirror-view": {
            "version": "1.23.0",
            "resolved": "https://registry.npmjs.org/@types/prosemirror-view/-/prosemirror-view-1.23.0.tgz",
            "integrity": "sha512-CaGnoiKeNYNRSmPNKSkFOl9KeWih4J7rAziiUk9eGwUgw4Yp2K3rorgI9QRKY7lp9DLIh6njxzZo891O1DSplw==",
            "dev": true,
            "requires": {
                "@types/prosemirror-model": "*",
                "@types/prosemirror-state": "*",
                "@types/prosemirror-transform": "*"
            }
        },
        "crelt": {
            "version": "1.0.5",
            "resolved": "https://registry.npmjs.org/crelt/-/crelt-1.0.5.tgz",
            "integrity": "sha512-+BO9wPPi+DWTDcNYhr/W90myha8ptzftZT+LwcmUbbok0rcP/fequmFYCw8NMoH7pkAZQzU78b3kYrlua5a9eA=="
        },
        "esbuild": {
            "version": "0.13.15",
            "resolved": "https://registry.npmjs.org/esbuild/-/esbuild-0.13.15.tgz",
            "integrity": "sha512-raCxt02HBKv8RJxE8vkTSCXGIyKHdEdGfUmiYb8wnabnaEmHzyW7DCHb5tEN0xU8ryqg5xw54mcwnYkC4x3AIw==",
            "dev": true,
            "requires": {
                "esbuild-android-arm64": "0.13.15",
                "esbuild-darwin-64": "0.13.15",
                "esbuild-darwin-arm64": "0.13.15",
                "esbuild-freebsd-64": "0.13.15",
                "esbuild-freebsd-arm64": "0.13.15",
                "esbuild-linux-32": "0.13.15",
                "esbuild-linux-64": "0.13.15",
                "esbuild-linux-arm": "0.13.15",
                "esbuild-linux-arm64": "0.13.15",
                "esbuild-linux-mips64le": "0.13.15",
                "esbuild-linux-ppc64le": "0.13.15",
                "esbuild-netbsd-64": "0.13.15",
                "esbuild-openbsd-64": "0.13.15",
                "esbuild-sunos-64": "0.13.15",
                "esbuild-windows-32": "0.13.15",
                "esbuild-windows-64": "0.13.15",
                "esbuild-windows-arm64": "0.13.15"
            }
        },
        "esbuild-android-arm64": {
            "version": "0.13.15",
            "resolved": "https://registry.npmjs.org/esbuild-android-arm64/-/esbuild-android-arm64-0.13.15.tgz",
            "integrity": "sha512-m602nft/XXeO8YQPUDVoHfjyRVPdPgjyyXOxZ44MK/agewFFkPa8tUo6lAzSWh5Ui5PB4KR9UIFTSBKh/RrCmg==",
            "dev": true,
            "optional": true
        },
        "esbuild-darwin-64": {
            "version": "0.13.15",
            "resolved": "https://registry.npmjs.org/esbuild-darwin-64/-/esbuild-darwin-64-0.13.15.tgz",
            "integrity": "sha512-ihOQRGs2yyp7t5bArCwnvn2Atr6X4axqPpEdCFPVp7iUj4cVSdisgvEKdNR7yH3JDjW6aQDw40iQFoTqejqxvQ==",
            "dev": true,
            "optional": true
        },
        "esbuild-darwin-arm64": {
            "version": "0.13.15",
            "resolved": "https://registry.npmjs.org/esbuild-darwin-arm64/-/esbuild-darwin-arm64-0.13.15.tgz",
            "integrity": "sha512-i1FZssTVxUqNlJ6cBTj5YQj4imWy3m49RZRnHhLpefFIh0To05ow9DTrXROTE1urGTQCloFUXTX8QfGJy1P8dQ==",
            "dev": true,
            "optional": true
        },
        "esbuild-freebsd-64": {
            "version": "0.13.15",
            "resolved": "https://registry.npmjs.org/esbuild-freebsd-64/-/esbuild-freebsd-64-0.13.15.tgz",
            "integrity": "sha512-G3dLBXUI6lC6Z09/x+WtXBXbOYQZ0E8TDBqvn7aMaOCzryJs8LyVXKY4CPnHFXZAbSwkCbqiPuSQ1+HhrNk7EA==",
            "dev": true,
            "optional": true
        },
        "esbuild-freebsd-arm64": {
            "version": "0.13.15",
            "resolved": "https://registry.npmjs.org/esbuild-freebsd-arm64/-/esbuild-freebsd-arm64-0.13.15.tgz",
            "integrity": "sha512-KJx0fzEDf1uhNOZQStV4ujg30WlnwqUASaGSFPhznLM/bbheu9HhqZ6mJJZM32lkyfGJikw0jg7v3S0oAvtvQQ==",
            "dev": true,
            "optional": true
        },
        "esbuild-linux-32": {
            "version": "0.13.15",
            "resolved": "https://registry.npmjs.org/esbuild-linux-32/-/esbuild-linux-32-0.13.15.tgz",
            "integrity": "sha512-ZvTBPk0YWCLMCXiFmD5EUtB30zIPvC5Itxz0mdTu/xZBbbHJftQgLWY49wEPSn2T/TxahYCRDWun5smRa0Tu+g==",
            "dev": true,
            "optional": true
        },
        "esbuild-linux-64": {
            "version": "0.13.15",
            "resolved": "https://registry.npmjs.org/esbuild-linux-64/-/esbuild-linux-64-0.13.15.tgz",
            "integrity": "sha512-eCKzkNSLywNeQTRBxJRQ0jxRCl2YWdMB3+PkWFo2BBQYC5mISLIVIjThNtn6HUNqua1pnvgP5xX0nHbZbPj5oA==",
            "dev": true,
            "optional": true
        },
        "esbuild-linux-arm": {
            "version": "0.13.15",
            "resolved": "https://registry.npmjs.org/esbuild-linux-arm/-/esbuild-linux-arm-0.13.15.tgz",
            "integrity": "sha512-wUHttDi/ol0tD8ZgUMDH8Ef7IbDX+/UsWJOXaAyTdkT7Yy9ZBqPg8bgB/Dn3CZ9SBpNieozrPRHm0BGww7W/jA==",
            "dev": true,
            "optional": true
        },
        "esbuild-linux-arm64": {
            "version": "0.13.15",
            "resolved": "https://registry.npmjs.org/esbuild-linux-arm64/-/esbuild-linux-arm64-0.13.15.tgz",
            "integrity": "sha512-bYpuUlN6qYU9slzr/ltyLTR9YTBS7qUDymO8SV7kjeNext61OdmqFAzuVZom+OLW1HPHseBfJ/JfdSlx8oTUoA==",
            "dev": true,
            "optional": true
        },
        "esbuild-linux-mips64le": {
            "version": "0.13.15",
            "resolved": "https://registry.npmjs.org/esbuild-linux-mips64le/-/esbuild-linux-mips64le-0.13.15.tgz",
            "integrity": "sha512-KlVjIG828uFPyJkO/8gKwy9RbXhCEUeFsCGOJBepUlpa7G8/SeZgncUEz/tOOUJTcWMTmFMtdd3GElGyAtbSWg==",
            "dev": true,
            "optional": true
        },
        "esbuild-linux-ppc64le": {
            "version": "0.13.15",
            "resolved": "https://registry.npmjs.org/esbuild-linux-ppc64le/-/esbuild-linux-ppc64le-0.13.15.tgz",
            "integrity": "sha512-h6gYF+OsaqEuBjeesTBtUPw0bmiDu7eAeuc2OEH9S6mV9/jPhPdhOWzdeshb0BskRZxPhxPOjqZ+/OqLcxQwEQ==",
            "dev": true,
            "optional": true
        },
        "esbuild-netbsd-64": {
            "version": "0.13.15",
            "resolved": "https://registry.npmjs.org/esbuild-netbsd-64/-/esbuild-netbsd-64-0.13.15.tgz",
            "integrity": "sha512-3+yE9emwoevLMyvu+iR3rsa+Xwhie7ZEHMGDQ6dkqP/ndFzRHkobHUKTe+NCApSqG5ce2z4rFu+NX/UHnxlh3w==",
            "dev": true,
            "optional": true
        },
        "esbuild-openbsd-64": {
            "version": "0.13.15",
            "resolved": "https://registry.npmjs.org/esbuild-openbsd-64/-/esbuild-openbsd-64-0.13.15.tgz",
            "integrity": "sha512-wTfvtwYJYAFL1fSs8yHIdf5GEE4NkbtbXtjLWjM3Cw8mmQKqsg8kTiqJ9NJQe5NX/5Qlo7Xd9r1yKMMkHllp5g==",
            "dev": true,
            "optional": true
        },
        "esbuild-sunos-64": {
            "version": "0.13.15",
            "resolved": "https://registry.npmjs.org/esbuild-sunos-64/-/esbuild-sunos-64-0.13.15.tgz",
            "integrity": "sha512-lbivT9Bx3t1iWWrSnGyBP9ODriEvWDRiweAs69vI+miJoeKwHWOComSRukttbuzjZ8r1q0mQJ8Z7yUsDJ3hKdw==",
            "dev": true,
            "optional": true
        },
        "esbuild-windows-32": {
            "version": "0.13.15",
            "resolved": "https://registry.npmjs.org/esbuild-windows-32/-/esbuild-windows-32-0.13.15.tgz",
            "integrity": "sha512-fDMEf2g3SsJ599MBr50cY5ve5lP1wyVwTe6aLJsM01KtxyKkB4UT+fc5MXQFn3RLrAIAZOG+tHC+yXObpSn7Nw==",
            "dev": true,
            "optional": true
        },
        "esbuild-windows-64": {
            "version": "0.13.15",
            "resolved": "https://registry.npmjs.org/esbuild-windows-64/-/esbuild-windows-64-0.13.15.tgz",
            "integrity": "sha512-9aMsPRGDWCd3bGjUIKG/ZOJPKsiztlxl/Q3C1XDswO6eNX/Jtwu4M+jb6YDH9hRSUflQWX0XKAfWzgy5Wk54JQ==",
            "dev": true,
            "optional": true
        },
        "esbuild-windows-arm64": {
            "version": "0.13.15",
            "resolved": "https://registry.npmjs.org/esbuild-windows-arm64/-/esbuild-windows-arm64-0.13.15.tgz",
            "integrity": "sha512-zzvyCVVpbwQQATaf3IG8mu1IwGEiDxKkYUdA4FpoCHi1KtPa13jeScYDjlW0Qh+ebWzpKfR2ZwvqAQkSWNcKjA==",
            "dev": true,
            "optional": true
        },
        "fsevents": {
            "version": "2.3.2",
            "resolved": "https://registry.npmjs.org/fsevents/-/fsevents-2.3.2.tgz",
            "integrity": "sha512-xiqMQR4xAeHTuB9uWm+fFRcIOgKBMiOBP+eXiyT7jsgVCq1bkVygt00oASowB7EdtpOHaaPgKt812P9ab+DDKA==",
            "dev": true,
            "optional": true
        },
        "function-bind": {
            "version": "1.1.1",
            "resolved": "https://registry.npmjs.org/function-bind/-/function-bind-1.1.1.tgz",
            "integrity": "sha512-yIovAzMX49sF8Yl58fSCWJ5svSLuaibPxXQJFLmBObTuCr0Mf1KiPopGM9NiFjiYBCbfaa2Fh6breQ6ANVTI0A==",
            "dev": true
        },
        "has": {
            "version": "1.0.3",
            "resolved": "https://registry.npmjs.org/has/-/has-1.0.3.tgz",
            "integrity": "sha512-f2dvO0VU6Oej7RkWJGrehjbzMAjFp5/VKPp5tTpWIV4JHHZK1/BxbFRtf/siA2SWTe09caDmVtYYzWEIbBS4zw==",
            "dev": true,
            "requires": {
                "function-bind": "^1.1.1"
            }
        },
        "is-core-module": {
            "version": "2.8.0",
            "resolved": "https://registry.npmjs.org/is-core-module/-/is-core-module-2.8.0.tgz",
            "integrity": "sha512-vd15qHsaqrRL7dtH6QNuy0ndJmRDrS9HAM1CAiSifNUFv4x1a0CCVsj18hJ1mShxIG6T2i1sO78MkP56r0nYRw==",
            "dev": true,
            "requires": {
                "has": "^1.0.3"
            }
        },
        "nanoid": {
            "version": "3.1.30",
            "resolved": "https://registry.npmjs.org/nanoid/-/nanoid-3.1.30.tgz",
            "integrity": "sha512-zJpuPDwOv8D2zq2WRoMe1HsfZthVewpel9CAvTfc/2mBD1uUT/agc5f7GHGWXlYkFvi1mVxe4IjvP2HNrop7nQ==",
            "dev": true
        },
        "orderedmap": {
            "version": "1.1.1",
            "resolved": "https://registry.npmjs.org/orderedmap/-/orderedmap-1.1.1.tgz",
            "integrity": "sha512-3Ux8um0zXbVacKUkcytc0u3HgC0b0bBLT+I60r2J/En72cI0nZffqrA7Xtf2Hqs27j1g82llR5Mhbd0Z1XW4AQ=="
        },
        "path-parse": {
            "version": "1.0.7",
            "resolved": "https://registry.npmjs.org/path-parse/-/path-parse-1.0.7.tgz",
            "integrity": "sha512-LDJzPVEEEPR+y48z93A0Ed0yXb8pAByGWo/k5YYdYgpY2/2EsOsksJrq7lOHxryrVOn1ejG6oAp8ahvOIQD8sw==",
            "dev": true
        },
        "picocolors": {
            "version": "1.0.0",
            "resolved": "https://registry.npmjs.org/picocolors/-/picocolors-1.0.0.tgz",
            "integrity": "sha512-1fygroTLlHu66zi26VoTDv8yRgm0Fccecssto+MhsZ0D/DGW2sm8E8AjW7NU5VVTRt5GxbeZ5qBuJr+HyLYkjQ==",
            "dev": true
        },
        "postcss": {
            "version": "8.4.5",
            "resolved": "https://registry.npmjs.org/postcss/-/postcss-8.4.5.tgz",
            "integrity": "sha512-jBDboWM8qpaqwkMwItqTQTiFikhs/67OYVvblFFTM7MrZjt6yMKd6r2kgXizEbTTljacm4NldIlZnhbjr84QYg==",
            "dev": true,
            "requires": {
                "nanoid": "^3.1.30",
                "picocolors": "^1.0.0",
                "source-map-js": "^1.0.1"
            }
        },
        "prosemirror-commands": {
            "version": "1.1.12",
            "resolved": "https://registry.npmjs.org/prosemirror-commands/-/prosemirror-commands-1.1.12.tgz",
            "integrity": "sha512-+CrMs3w/ZVPSkR+REg8KL/clyFLv/1+SgY/OMN+CB22Z24j9TZDje72vL36lOZ/E4NeRXuiCcmENcW/vAcG67A==",
            "requires": {
                "prosemirror-model": "^1.0.0",
                "prosemirror-state": "^1.0.0",
                "prosemirror-transform": "^1.0.0"
            }
        },
        "prosemirror-dropcursor": {
            "version": "1.4.0",
            "resolved": "https://registry.npmjs.org/prosemirror-dropcursor/-/prosemirror-dropcursor-1.4.0.tgz",
            "integrity": "sha512-6+YwTjmqDwlA/Dm+5wK67ezgqgjA/MhSDgaNxKUzH97SmeuWFXyLeDRxxOPZeSo7yTxcDGUCWTEjmQZsVBuMrQ==",
            "requires": {
                "prosemirror-state": "^1.0.0",
                "prosemirror-transform": "^1.1.0",
                "prosemirror-view": "^1.1.0"
            }
        },
        "prosemirror-example-setup": {
            "version": "1.1.2",
            "resolved": "https://registry.npmjs.org/prosemirror-example-setup/-/prosemirror-example-setup-1.1.2.tgz",
            "integrity": "sha512-MTpIMyqk08jFnzxeRMCinCEMtVSTUtxKgQBGxfCbVe9C6zIOqp9qZZJz5Ojaad1GETySyuj8+OIHHvQsIaaaGQ==",
            "requires": {
                "prosemirror-commands": "^1.0.0",
                "prosemirror-dropcursor": "^1.0.0",
                "prosemirror-gapcursor": "^1.0.0",
                "prosemirror-history": "^1.0.0",
                "prosemirror-inputrules": "^1.0.0",
                "prosemirror-keymap": "^1.0.0",
                "prosemirror-menu": "^1.0.0",
                "prosemirror-schema-list": "^1.0.0",
                "prosemirror-state": "^1.0.0"
            }
        },
        "prosemirror-gapcursor": {
            "version": "1.2.0",
            "resolved": "https://registry.npmjs.org/prosemirror-gapcursor/-/prosemirror-gapcursor-1.2.0.tgz",
            "integrity": "sha512-yCLy5+0rVqLir/KcHFathQj4Rf8aRHi80FmEfKtM0JmyzvwdomslLzDZ/pX4oFhFKDgjl/WBBBFNqDyNifWg7g==",
            "requires": {
                "prosemirror-keymap": "^1.0.0",
                "prosemirror-model": "^1.0.0",
                "prosemirror-state": "^1.0.0",
                "prosemirror-view": "^1.0.0"
            }
        },
        "prosemirror-history": {
            "version": "1.2.0",
            "resolved": "https://registry.npmjs.org/prosemirror-history/-/prosemirror-history-1.2.0.tgz",
            "integrity": "sha512-B9v9xtf4fYbKxQwIr+3wtTDNLDZcmMMmGiI3TAPShnUzvo+Rmv1GiUrsQChY1meetHl7rhML2cppF3FTs7f7UQ==",
            "requires": {
                "prosemirror-state": "^1.2.2",
                "prosemirror-transform": "^1.0.0",
                "rope-sequence": "^1.3.0"
            }
        },
        "prosemirror-inputrules": {
            "version": "1.1.3",
            "resolved": "https://registry.npmjs.org/prosemirror-inputrules/-/prosemirror-inputrules-1.1.3.tgz",
            "integrity": "sha512-ZaHCLyBtvbyIHv0f5p6boQTIJjlD6o2NPZiEaZWT2DA+j591zS29QQEMT4lBqwcLW3qRSf7ZvoKNbf05YrsStw==",
            "requires": {
                "prosemirror-state": "^1.0.0",
                "prosemirror-transform": "^1.0.0"
            }
        },
        "prosemirror-keymap": {
            "version": "1.1.5",
            "resolved": "https://registry.npmjs.org/prosemirror-keymap/-/prosemirror-keymap-1.1.5.tgz",
            "integrity": "sha512-8SZgPH3K+GLsHL2wKuwBD9rxhsbnVBTwpHCO4VUO5GmqUQlxd/2GtBVWTsyLq4Dp3N9nGgPd3+lZFKUDuVp+Vw==",
            "requires": {
                "prosemirror-state": "^1.0.0",
                "w3c-keyname": "^2.2.0"
            }
        },
        "prosemirror-menu": {
            "version": "1.1.4",
            "resolved": "https://registry.npmjs.org/prosemirror-menu/-/prosemirror-menu-1.1.4.tgz",
            "integrity": "sha512-2ROsji/X9ciDnVSRvSTqFygI34GEdHfQSsK4zBKjPxSEroeiHHcdRMS1ofNIf2zM0Vpp5/YqfpxynElymQkqzg==",
            "requires": {
                "crelt": "^1.0.0",
                "prosemirror-commands": "^1.0.0",
                "prosemirror-history": "^1.0.0",
                "prosemirror-state": "^1.0.0"
            }
        },
        "prosemirror-model": {
            "version": "1.15.0",
            "resolved": "https://registry.npmjs.org/prosemirror-model/-/prosemirror-model-1.15.0.tgz",
            "integrity": "sha512-hQJv7SnIhlAy9ga3lhPPgaufhvCbQB9tHwscJ9E1H1pPHmN8w5V/lURueoYv9Kc3/bpNWoyHa8r3g//m7N0ChQ==",
            "requires": {
                "orderedmap": "^1.1.0"
            }
        },
        "prosemirror-schema-basic": {
            "version": "1.1.2",
            "resolved": "https://registry.npmjs.org/prosemirror-schema-basic/-/prosemirror-schema-basic-1.1.2.tgz",
            "integrity": "sha512-G4q8WflNsR1Q33QAV4MQO0xWrHLOJ+BQcKswGXMy626wlQj6c/1n1v4eC9ns+h2y1r/fJHZEgSZnsNhm9lbrDw==",
            "requires": {
                "prosemirror-model": "^1.2.0"
            }
        },
        "prosemirror-schema-list": {
            "version": "1.1.6",
            "resolved": "https://registry.npmjs.org/prosemirror-schema-list/-/prosemirror-schema-list-1.1.6.tgz",
            "integrity": "sha512-aFGEdaCWmJzouZ8DwedmvSsL50JpRkqhQ6tcpThwJONVVmCgI36LJHtoQ4VGZbusMavaBhXXr33zyD2IVsTlkw==",
            "requires": {
                "prosemirror-model": "^1.0.0",
                "prosemirror-transform": "^1.0.0"
            }
        },
        "prosemirror-state": {
            "version": "1.3.4",
            "resolved": "https://registry.npmjs.org/prosemirror-state/-/prosemirror-state-1.3.4.tgz",
            "integrity": "sha512-Xkkrpd1y/TQ6HKzN3agsQIGRcLckUMA9u3j207L04mt8ToRgpGeyhbVv0HI7omDORIBHjR29b7AwlATFFf2GLA==",
            "requires": {
                "prosemirror-model": "^1.0.0",
                "prosemirror-transform": "^1.0.0"
            }
        },
        "prosemirror-transform": {
            "version": "1.3.3",
            "resolved": "https://registry.npmjs.org/prosemirror-transform/-/prosemirror-transform-1.3.3.tgz",
            "integrity": "sha512-9NLVXy1Sfa2G6qPqhWMkEvwQQMTw7OyTqOZbJaGQWsCeH3hH5Cw+c5eNaLM1Uu75EyKLsEZhJ93XpHJBa6RX8A==",
            "requires": {
                "prosemirror-model": "^1.0.0"
            }
        },
        "prosemirror-view": {
            "version": "1.23.3",
            "resolved": "https://registry.npmjs.org/prosemirror-view/-/prosemirror-view-1.23.3.tgz",
            "integrity": "sha512-89icyMdXXwxmTxYj0TIuG5M/d0iKeu79tr+PVtC/4qtCOoHrPSPrblJcFOuOWcxGlA/Ei8PqJB4g5HkKR8jWvQ==",
            "requires": {
                "prosemirror-model": "^1.14.3",
                "prosemirror-state": "^1.0.0",
                "prosemirror-transform": "^1.1.0"
            }
        },
        "resolve": {
            "version": "1.20.0",
            "resolved": "https://registry.npmjs.org/resolve/-/resolve-1.20.0.tgz",
            "integrity": "sha512-wENBPt4ySzg4ybFQW2TT1zMQucPK95HSh/nq2CFTZVOGut2+pQvSsgtda4d26YrYcr067wjbmzOG8byDPBX63A==",
            "dev": true,
            "requires": {
                "is-core-module": "^2.2.0",
                "path-parse": "^1.0.6"
            }
        },
        "rollup": {
            "version": "2.61.1",
            "resolved": "https://registry.npmjs.org/rollup/-/rollup-2.61.1.tgz",
            "integrity": "sha512-BbTXlEvB8d+XFbK/7E5doIcRtxWPRiqr0eb5vQ0+2paMM04Ye4PZY5nHOQef2ix24l/L0SpLd5hwcH15QHPdvA==",
            "dev": true,
            "requires": {
                "fsevents": "~2.3.2"
            }
        },
        "rope-sequence": {
            "version": "1.3.2",
            "resolved": "https://registry.npmjs.org/rope-sequence/-/rope-sequence-1.3.2.tgz",
            "integrity": "sha512-ku6MFrwEVSVmXLvy3dYph3LAMNS0890K7fabn+0YIRQ2T96T9F4gkFf0vf0WW0JUraNWwGRtInEpH7yO4tbQZg=="
        },
        "source-map-js": {
            "version": "1.0.1",
            "resolved": "https://registry.npmjs.org/source-map-js/-/source-map-js-1.0.1.tgz",
            "integrity": "sha512-4+TN2b3tqOCd/kaGRJ/sTYA0tR0mdXx26ipdolxcwtJVqEnqNYvlCAt1q3ypy4QMlYus+Zh34RNtYLoq2oQ4IA==",
            "dev": true
        },
        "vite": {
            "version": "2.7.3",
            "resolved": "https://registry.npmjs.org/vite/-/vite-2.7.3.tgz",
            "integrity": "sha512-GAY1P+9fLJOju1SRm8+hykVnEXog+E+KXuqqyMBQDriKCUIKzWnPn142yNNhSdf/ixYGYdUa5ce3A8WaEajzGw==",
            "dev": true,
            "requires": {
                "esbuild": "^0.13.12",
                "fsevents": "~2.3.2",
                "postcss": "^8.3.11",
                "resolve": "^1.20.0",
                "rollup": "^2.59.0"
            }
        },
        "w3c-keyname": {
            "version": "2.2.4",
            "resolved": "https://registry.npmjs.org/w3c-keyname/-/w3c-keyname-2.2.4.tgz",
            "integrity": "sha512-tOhfEwEzFLJzf6d1ZPkYfGj+FWhIpBux9ppoP3rlclw3Z0BZv3N7b7030Z1kYth+6rDuAsXUFr+d0VE6Ed1ikw=="
        }
    }
}
